// !$*UTF8*$!
{
	archiveVersion = 1;
	classes = {
	};
	objectVersion = 46;
	objects = {

/* Begin PBXBuildFile section */
		2DF84CF91F2A13590052A3A6 /* Launch Screen.storyboard in Resources */ = {isa = PBXBuildFile; fileRef = 2DF84CF81F2A13590052A3A6 /* Launch Screen.storyboard */; };
		2DF84D051F2F4C430052A3A6 /* VVHTTPConfig.m in Sources */ = {isa = PBXBuildFile; fileRef = 2DF84CFC1F2F4C430052A3A6 /* VVHTTPConfig.m */; };
		2DF84D061F2F4C430052A3A6 /* VVHTTPConnectTask.m in Sources */ = {isa = PBXBuildFile; fileRef = 2DF84CFE1F2F4C430052A3A6 /* VVHTTPConnectTask.m */; };
		2DF84D091F2F4C430052A3A6 /* VVHTTPServer.m in Sources */ = {isa = PBXBuildFile; fileRef = 2DF84D041F2F4C430052A3A6 /* VVHTTPServer.m */; };
		85BD59131EE69895004C11E2 /* main.m in Sources */ = {isa = PBXBuildFile; fileRef = 85BD59121EE69895004C11E2 /* main.m */; };
		85BD59161EE69895004C11E2 /* AppDelegate.m in Sources */ = {isa = PBXBuildFile; fileRef = 85BD59151EE69895004C11E2 /* AppDelegate.m */; };
		85BD59191EE69895004C11E2 /* ViewController.m in Sources */ = {isa = PBXBuildFile; fileRef = 85BD59181EE69895004C11E2 /* ViewController.m */; };
		85BD591C1EE69895004C11E2 /* Main.storyboard in Resources */ = {isa = PBXBuildFile; fileRef = 85BD591A1EE69895004C11E2 /* Main.storyboard */; };
		85BD591E1EE69895004C11E2 /* Assets.xcassets in Resources */ = {isa = PBXBuildFile; fileRef = 85BD591D1EE69895004C11E2 /* Assets.xcassets */; };
		85BD592C1EE69895004C11E2 /* DemoServiceTests.m in Sources */ = {isa = PBXBuildFile; fileRef = 85BD592B1EE69895004C11E2 /* DemoServiceTests.m */; };
		8985F1CF07B3CEF7EFB7C6CC /* libPods-Demo.a in Frameworks */ = {isa = PBXBuildFile; fileRef = 963E47A2616A38448B050499 /* libPods-Demo.a */; };
		C3AE60C18F2DB752EFE63305 /* VVHTTPResource.m in Sources */ = {isa = PBXBuildFile; fileRef = C3AE69D3E8CB249D107DF0C2 /* VVHTTPResource.m */; };
		C3AE6A37B440B92DE2CD6894 /* VVHTTPResponseHandeler.m in Sources */ = {isa = PBXBuildFile; fileRef = C3AE6F78E222B16F17251E2C /* VVHTTPResponseHandeler.m */; };
		C3AE6B97D9F4BC251733CD11 /* VVHTTPResponseHead.m in Sources */ = {isa = PBXBuildFile; fileRef = C3AE6DD7C608F3DEBD3CC89C /* VVHTTPResponseHead.m */; };
		C3AE6EE136D98C4766822168 /* VVHTTPHTMLDirectory.m in Sources */ = {isa = PBXBuildFile; fileRef = C3AE696ED842E158F1C7AE65 /* VVHTTPHTMLDirectory.m */; };
		C3AE6F2A7F5840497DF0E64E /* VVHTTPRequestHandler.m in Sources */ = {isa = PBXBuildFile; fileRef = C3AE663F471547134E0CB6D1 /* VVHTTPRequestHandler.m */; };
		C3AE6FB86C0D6954C94C4404 /* VVHTTPRequestHead.m in Sources */ = {isa = PBXBuildFile; fileRef = C3AE6C39DCE7C45A2688E272 /* VVHTTPRequestHead.m */; };
/* End PBXBuildFile section */

/* Begin PBXContainerItemProxy section */
		85BD59281EE69895004C11E2 /* PBXContainerItemProxy */ = {
			isa = PBXContainerItemProxy;
			containerPortal = 85BD59061EE69895004C11E2 /* Project object */;
			proxyType = 1;
			remoteGlobalIDString = 85BD590D1EE69895004C11E2;
			remoteInfo = SampleHttpService;
		};
/* End PBXContainerItemProxy section */

/* Begin PBXFileReference section */
		2DF84CF81F2A13590052A3A6 /* Launch Screen.storyboard */ = {isa = PBXFileReference; fileEncoding = 4; lastKnownFileType = file.storyboard; path = "Launch Screen.storyboard"; sourceTree = "<group>"; };
		2DF84CFB1F2F4C430052A3A6 /* VVHTTPConfig.h */ = {isa = PBXFileReference; fileEncoding = 4; lastKnownFileType = sourcecode.c.h; path = VVHTTPConfig.h; sourceTree = "<group>"; };
		2DF84CFC1F2F4C430052A3A6 /* VVHTTPConfig.m */ = {isa = PBXFileReference; fileEncoding = 4; lastKnownFileType = sourcecode.c.objc; path = VVHTTPConfig.m; sourceTree = "<group>"; };
		2DF84CFD1F2F4C430052A3A6 /* VVHTTPConnectTask.h */ = {isa = PBXFileReference; fileEncoding = 4; lastKnownFileType = sourcecode.c.h; path = VVHTTPConnectTask.h; sourceTree = "<group>"; };
		2DF84CFE1F2F4C430052A3A6 /* VVHTTPConnectTask.m */ = {isa = PBXFileReference; fileEncoding = 4; lastKnownFileType = sourcecode.c.objc; path = VVHTTPConnectTask.m; sourceTree = "<group>"; };
		2DF84D031F2F4C430052A3A6 /* VVHTTPServer.h */ = {isa = PBXFileReference; fileEncoding = 4; lastKnownFileType = sourcecode.c.h; path = VVHTTPServer.h; sourceTree = "<group>"; };
		2DF84D041F2F4C430052A3A6 /* VVHTTPServer.m */ = {isa = PBXFileReference; fileEncoding = 4; lastKnownFileType = sourcecode.c.objc; path = VVHTTPServer.m; sourceTree = "<group>"; };
		2F5D60F3D3195E47BEAA7B0E /* Pods-SampleHttpService.debug.xcconfig */ = {isa = PBXFileReference; includeInIndex = 1; lastKnownFileType = text.xcconfig; name = "Pods-SampleHttpService.debug.xcconfig"; path = "Pods/Target Support Files/Pods-SampleHttpService/Pods-SampleHttpService.debug.xcconfig"; sourceTree = "<group>"; };
		85BD590E1EE69895004C11E2 /* Demo.app */ = {isa = PBXFileReference; explicitFileType = wrapper.application; includeInIndex = 0; path = Demo.app; sourceTree = BUILT_PRODUCTS_DIR; };
		85BD59121EE69895004C11E2 /* main.m */ = {isa = PBXFileReference; lastKnownFileType = sourcecode.c.objc; path = main.m; sourceTree = "<group>"; };
		85BD59141EE69895004C11E2 /* AppDelegate.h */ = {isa = PBXFileReference; lastKnownFileType = sourcecode.c.h; path = AppDelegate.h; sourceTree = "<group>"; };
		85BD59151EE69895004C11E2 /* AppDelegate.m */ = {isa = PBXFileReference; lastKnownFileType = sourcecode.c.objc; path = AppDelegate.m; sourceTree = "<group>"; };
		85BD59171EE69895004C11E2 /* ViewController.h */ = {isa = PBXFileReference; lastKnownFileType = sourcecode.c.h; path = ViewController.h; sourceTree = "<group>"; };
		85BD59181EE69895004C11E2 /* ViewController.m */ = {isa = PBXFileReference; lastKnownFileType = sourcecode.c.objc; path = ViewController.m; sourceTree = "<group>"; };
		85BD591B1EE69895004C11E2 /* Base */ = {isa = PBXFileReference; lastKnownFileType = file.storyboard; name = Base; path = Base.lproj/Main.storyboard; sourceTree = "<group>"; };
		85BD591D1EE69895004C11E2 /* Assets.xcassets */ = {isa = PBXFileReference; lastKnownFileType = folder.assetcatalog; path = Assets.xcassets; sourceTree = "<group>"; };
		85BD59221EE69895004C11E2 /* Info.plist */ = {isa = PBXFileReference; lastKnownFileType = text.plist.xml; path = Info.plist; sourceTree = "<group>"; };
		85BD59271EE69895004C11E2 /* DemoTests.xctest */ = {isa = PBXFileReference; explicitFileType = wrapper.cfbundle; includeInIndex = 0; path = DemoTests.xctest; sourceTree = BUILT_PRODUCTS_DIR; };
		85BD592B1EE69895004C11E2 /* DemoServiceTests.m */ = {isa = PBXFileReference; lastKnownFileType = sourcecode.c.objc; path = DemoServiceTests.m; sourceTree = "<group>"; };
		85BD592D1EE69895004C11E2 /* Info.plist */ = {isa = PBXFileReference; lastKnownFileType = text.plist.xml; path = Info.plist; sourceTree = "<group>"; };
		963E47A2616A38448B050499 /* libPods-Demo.a */ = {isa = PBXFileReference; explicitFileType = archive.ar; includeInIndex = 0; path = "libPods-Demo.a"; sourceTree = BUILT_PRODUCTS_DIR; };
		AA29172C7D7D609CB5FC6748 /* Pods-Demo.debug.xcconfig */ = {isa = PBXFileReference; includeInIndex = 1; lastKnownFileType = text.xcconfig; name = "Pods-Demo.debug.xcconfig"; path = "Pods/Target Support Files/Pods-Demo/Pods-Demo.debug.xcconfig"; sourceTree = "<group>"; };
		C0739045B687518DA41050E7 /* Pods-Demo.release.xcconfig */ = {isa = PBXFileReference; includeInIndex = 1; lastKnownFileType = text.xcconfig; name = "Pods-Demo.release.xcconfig"; path = "Pods/Target Support Files/Pods-Demo/Pods-Demo.release.xcconfig"; sourceTree = "<group>"; };
		C3AE60269978FE44C17FD2DA /* VVHTTPResponseHead.h */ = {isa = PBXFileReference; fileEncoding = 4; lastKnownFileType = sourcecode.c.h; path = VVHTTPResponseHead.h; sourceTree = "<group>"; };
		C3AE6380C50BD80DE3953724 /* VVHTTPRequestHead.h */ = {isa = PBXFileReference; fileEncoding = 4; lastKnownFileType = sourcecode.c.h; path = VVHTTPRequestHead.h; sourceTree = "<group>"; };
		C3AE6527D27636394B9D932B /* VVHTTPResponseDelegate.h */ = {isa = PBXFileReference; fileEncoding = 4; lastKnownFileType = sourcecode.c.h; path = VVHTTPResponseDelegate.h; sourceTree = "<group>"; };
		C3AE663F471547134E0CB6D1 /* VVHTTPRequestHandler.m */ = {isa = PBXFileReference; fileEncoding = 4; lastKnownFileType = sourcecode.c.objc; path = VVHTTPRequestHandler.m; sourceTree = "<group>"; };
		C3AE696ED842E158F1C7AE65 /* VVHTTPHTMLDirectory.m */ = {isa = PBXFileReference; fileEncoding = 4; lastKnownFileType = sourcecode.c.objc; path = VVHTTPHTMLDirectory.m; sourceTree = "<group>"; };
		C3AE69D3E8CB249D107DF0C2 /* VVHTTPResource.m */ = {isa = PBXFileReference; fileEncoding = 4; lastKnownFileType = sourcecode.c.objc; path = VVHTTPResource.m; sourceTree = "<group>"; };
		C3AE6BBC4983B33CB6ACD96F /* VVHTTPResponseHandeler.h */ = {isa = PBXFileReference; fileEncoding = 4; lastKnownFileType = sourcecode.c.h; path = VVHTTPResponseHandeler.h; sourceTree = "<group>"; };
		C3AE6C39DCE7C45A2688E272 /* VVHTTPRequestHead.m */ = {isa = PBXFileReference; fileEncoding = 4; lastKnownFileType = sourcecode.c.objc; path = VVHTTPRequestHead.m; sourceTree = "<group>"; };
		C3AE6C8A5338AFC2CDB123DD /* VVHTTPHTMLDirectory.h */ = {isa = PBXFileReference; fileEncoding = 4; lastKnownFileType = sourcecode.c.h; path = VVHTTPHTMLDirectory.h; sourceTree = "<group>"; };
		C3AE6DD7C608F3DEBD3CC89C /* VVHTTPResponseHead.m */ = {isa = PBXFileReference; fileEncoding = 4; lastKnownFileType = sourcecode.c.objc; path = VVHTTPResponseHead.m; sourceTree = "<group>"; };
		C3AE6EF63816E3120681BBED /* VVHTTPRequestDelegate.h */ = {isa = PBXFileReference; fileEncoding = 4; lastKnownFileType = sourcecode.c.h; path = VVHTTPRequestDelegate.h; sourceTree = "<group>"; };
		C3AE6F78E222B16F17251E2C /* VVHTTPResponseHandeler.m */ = {isa = PBXFileReference; fileEncoding = 4; lastKnownFileType = sourcecode.c.objc; path = VVHTTPResponseHandeler.m; sourceTree = "<group>"; };
		C3AE6FA1A39B3BD4020E29E4 /* VVHTTPRequestHandler.h */ = {isa = PBXFileReference; fileEncoding = 4; lastKnownFileType = sourcecode.c.h; path = VVHTTPRequestHandler.h; sourceTree = "<group>"; };
		C3AE6FC82849E6409BECFD45 /* VVHTTPResource.h */ = {isa = PBXFileReference; fileEncoding = 4; lastKnownFileType = sourcecode.c.h; path = VVHTTPResource.h; sourceTree = "<group>"; };
		EB48E406B3DC73F65DE47707 /* Pods-SampleHttpService.release.xcconfig */ = {isa = PBXFileReference; includeInIndex = 1; lastKnownFileType = text.xcconfig; name = "Pods-SampleHttpService.release.xcconfig"; path = "Pods/Target Support Files/Pods-SampleHttpService/Pods-SampleHttpService.release.xcconfig"; sourceTree = "<group>"; };
/* End PBXFileReference section */

/* Begin PBXFrameworksBuildPhase section */
		85BD590B1EE69895004C11E2 /* Frameworks */ = {
			isa = PBXFrameworksBuildPhase;
			buildActionMask = 2147483647;
			files = (
				8985F1CF07B3CEF7EFB7C6CC /* libPods-Demo.a in Frameworks */,
			);
			runOnlyForDeploymentPostprocessing = 0;
		};
		85BD59241EE69895004C11E2 /* Frameworks */ = {
			isa = PBXFrameworksBuildPhase;
			buildActionMask = 2147483647;
			files = (
			);
			runOnlyForDeploymentPostprocessing = 0;
		};
/* End PBXFrameworksBuildPhase section */

/* Begin PBXGroup section */
		2DF84CFA1F2F4C430052A3A6 /* Source */ = {
			isa = PBXGroup;
			children = (
				2DF84CFB1F2F4C430052A3A6 /* VVHTTPConfig.h */,
				2DF84CFC1F2F4C430052A3A6 /* VVHTTPConfig.m */,
				2DF84CFD1F2F4C430052A3A6 /* VVHTTPConnectTask.h */,
				2DF84CFE1F2F4C430052A3A6 /* VVHTTPConnectTask.m */,
				2DF84D031F2F4C430052A3A6 /* VVHTTPServer.h */,
				2DF84D041F2F4C430052A3A6 /* VVHTTPServer.m */,
				C3AE6F87D7AEFAD28AA98DE9 /* Request */,
				C3AE6EC22C2958704D3FE7B2 /* Respose */,
				C3AE69D3E8CB249D107DF0C2 /* VVHTTPResource.m */,
				C3AE6FC82849E6409BECFD45 /* VVHTTPResource.h */,
			);
			path = Source;
			sourceTree = SOURCE_ROOT;
		};
		85BD59051EE69895004C11E2 = {
			isa = PBXGroup;
			children = (
				85BD59101EE69895004C11E2 /* Demo */,
				85BD592A1EE69895004C11E2 /* DemoTests */,
				85BD590F1EE69895004C11E2 /* Products */,
				8C2AA5A623AEF2825EAF69AB /* Pods */,
				A91A5A834EBEBF3BC777062D /* Frameworks */,
			);
			sourceTree = "<group>";
		};
		85BD590F1EE69895004C11E2 /* Products */ = {
			isa = PBXGroup;
			children = (
				85BD590E1EE69895004C11E2 /* Demo.app */,
				85BD59271EE69895004C11E2 /* DemoTests.xctest */,
			);
			name = Products;
			sourceTree = "<group>";
		};
		85BD59101EE69895004C11E2 /* Demo */ = {
			isa = PBXGroup;
			children = (
				2DF84CFA1F2F4C430052A3A6 /* Source */,
				85BD59141EE69895004C11E2 /* AppDelegate.h */,
				85BD59151EE69895004C11E2 /* AppDelegate.m */,
				85BD59171EE69895004C11E2 /* ViewController.h */,
				85BD59181EE69895004C11E2 /* ViewController.m */,
				85BD591A1EE69895004C11E2 /* Main.storyboard */,
				85BD591D1EE69895004C11E2 /* Assets.xcassets */,
				85BD59221EE69895004C11E2 /* Info.plist */,
				85BD59111EE69895004C11E2 /* Supporting Files */,
				2DF84CF81F2A13590052A3A6 /* Launch Screen.storyboard */,
			);
			path = Demo;
			sourceTree = "<group>";
		};
		85BD59111EE69895004C11E2 /* Supporting Files */ = {
			isa = PBXGroup;
			children = (
				85BD59121EE69895004C11E2 /* main.m */,
			);
			name = "Supporting Files";
			sourceTree = "<group>";
		};
		85BD592A1EE69895004C11E2 /* DemoTests */ = {
			isa = PBXGroup;
			children = (
				85BD592B1EE69895004C11E2 /* DemoServiceTests.m */,
				85BD592D1EE69895004C11E2 /* Info.plist */,
			);
			path = DemoTests;
			sourceTree = "<group>";
		};
		8C2AA5A623AEF2825EAF69AB /* Pods */ = {
			isa = PBXGroup;
			children = (
				2F5D60F3D3195E47BEAA7B0E /* Pods-SampleHttpService.debug.xcconfig */,
				EB48E406B3DC73F65DE47707 /* Pods-SampleHttpService.release.xcconfig */,
				AA29172C7D7D609CB5FC6748 /* Pods-Demo.debug.xcconfig */,
				C0739045B687518DA41050E7 /* Pods-Demo.release.xcconfig */,
			);
			name = Pods;
			sourceTree = "<group>";
		};
		A91A5A834EBEBF3BC777062D /* Frameworks */ = {
			isa = PBXGroup;
			children = (
				963E47A2616A38448B050499 /* libPods-Demo.a */,
			);
			name = Frameworks;
			sourceTree = "<group>";
		};
		C3AE6EC22C2958704D3FE7B2 /* Respose */ = {
			isa = PBXGroup;
			children = (
				C3AE6F78E222B16F17251E2C /* VVHTTPResponseHandeler.m */,
				C3AE6BBC4983B33CB6ACD96F /* VVHTTPResponseHandeler.h */,
				C3AE6DD7C608F3DEBD3CC89C /* VVHTTPResponseHead.m */,
				C3AE60269978FE44C17FD2DA /* VVHTTPResponseHead.h */,
				C3AE6527D27636394B9D932B /* VVHTTPResponseDelegate.h */,
				C3AE696ED842E158F1C7AE65 /* VVHTTPHTMLDirectory.m */,
				C3AE6C8A5338AFC2CDB123DD /* VVHTTPHTMLDirectory.h */,
			);
			path = Respose;
			sourceTree = "<group>";
		};
		C3AE6F87D7AEFAD28AA98DE9 /* Request */ = {
			isa = PBXGroup;
			children = (
				C3AE6FA1A39B3BD4020E29E4 /* VVHTTPRequestHandler.h */,
				C3AE663F471547134E0CB6D1 /* VVHTTPRequestHandler.m */,
				C3AE6C39DCE7C45A2688E272 /* VVHTTPRequestHead.m */,
				C3AE6380C50BD80DE3953724 /* VVHTTPRequestHead.h */,
				C3AE6EF63816E3120681BBED /* VVHTTPRequestDelegate.h */,
			);
			path = Request;
			sourceTree = "<group>";
		};
/* End PBXGroup section */

/* Begin PBXNativeTarget section */
		85BD590D1EE69895004C11E2 /* Demo */ = {
			isa = PBXNativeTarget;
			buildConfigurationList = 85BD59301EE69895004C11E2 /* Build configuration list for PBXNativeTarget "Demo" */;
			buildPhases = (
				EAD5409C06DFEB277DB7E24E /* [CP] Check Pods Manifest.lock */,
				85BD590A1EE69895004C11E2 /* Sources */,
				85BD590B1EE69895004C11E2 /* Frameworks */,
				85BD590C1EE69895004C11E2 /* Resources */,
			);
			buildRules = (
			);
			dependencies = (
			);
			name = Demo;
			productName = SampleHttpService;
			productReference = 85BD590E1EE69895004C11E2 /* Demo.app */;
			productType = "com.apple.product-type.application";
		};
		85BD59261EE69895004C11E2 /* DemoTests */ = {
			isa = PBXNativeTarget;
			buildConfigurationList = 85BD59331EE69895004C11E2 /* Build configuration list for PBXNativeTarget "DemoTests" */;
			buildPhases = (
				85BD59231EE69895004C11E2 /* Sources */,
				85BD59241EE69895004C11E2 /* Frameworks */,
				85BD59251EE69895004C11E2 /* Resources */,
			);
			buildRules = (
			);
			dependencies = (
				85BD59291EE69895004C11E2 /* PBXTargetDependency */,
			);
			name = DemoTests;
			productName = SampleHttpServiceTests;
			productReference = 85BD59271EE69895004C11E2 /* DemoTests.xctest */;
			productType = "com.apple.product-type.bundle.unit-test";
		};
/* End PBXNativeTarget section */

/* Begin PBXProject section */
		85BD59061EE69895004C11E2 /* Project object */ = {
			isa = PBXProject;
			attributes = {
				LastUpgradeCheck = 0830;
				ORGANIZATIONNAME = zenggen;
				TargetAttributes = {
					85BD590D1EE69895004C11E2 = {
						CreatedOnToolsVersion = 8.3.1;
						ProvisioningStyle = Automatic;
					};
					85BD59261EE69895004C11E2 = {
						CreatedOnToolsVersion = 8.3.1;
						ProvisioningStyle = Manual;
						TestTargetID = 85BD590D1EE69895004C11E2;
					};
				};
			};
			buildConfigurationList = 85BD59091EE69895004C11E2 /* Build configuration list for PBXProject "VVHTTPServer" */;
			compatibilityVersion = "Xcode 3.2";
			developmentRegion = English;
			hasScannedForEncodings = 0;
			knownRegions = (
				English,
				en,
				Base,
			);
			mainGroup = 85BD59051EE69895004C11E2;
			productRefGroup = 85BD590F1EE69895004C11E2 /* Products */;
			projectDirPath = "";
			projectRoot = "";
			targets = (
				85BD590D1EE69895004C11E2 /* Demo */,
				85BD59261EE69895004C11E2 /* DemoTests */,
			);
		};
/* End PBXProject section */

/* Begin PBXResourcesBuildPhase section */
		85BD590C1EE69895004C11E2 /* Resources */ = {
			isa = PBXResourcesBuildPhase;
			buildActionMask = 2147483647;
			files = (
				85BD591E1EE69895004C11E2 /* Assets.xcassets in Resources */,
				85BD591C1EE69895004C11E2 /* Main.storyboard in Resources */,
				2DF84CF91F2A13590052A3A6 /* Launch Screen.storyboard in Resources */,
			);
			runOnlyForDeploymentPostprocessing = 0;
		};
		85BD59251EE69895004C11E2 /* Resources */ = {
			isa = PBXResourcesBuildPhase;
			buildActionMask = 2147483647;
			files = (
			);
			runOnlyForDeploymentPostprocessing = 0;
		};
/* End PBXResourcesBuildPhase section */

/* Begin PBXShellScriptBuildPhase section */
		EAD5409C06DFEB277DB7E24E /* [CP] Check Pods Manifest.lock */ = {
			isa = PBXShellScriptBuildPhase;
			buildActionMask = 2147483647;
			files = (
			);
			inputPaths = (
				"${PODS_PODFILE_DIR_PATH}/Podfile.lock",
				"${PODS_ROOT}/Manifest.lock",
			);
			name = "[CP] Check Pods Manifest.lock";
			outputPaths = (
				"$(DERIVED_FILE_DIR)/Pods-Demo-checkManifestLockResult.txt",
			);
			runOnlyForDeploymentPostprocessing = 0;
			shellPath = /bin/sh;
			shellScript = "diff \"${PODS_PODFILE_DIR_PATH}/Podfile.lock\" \"${PODS_ROOT}/Manifest.lock\" > /dev/null\nif [ $? != 0 ] ; then\n    # print error to STDERR\n    echo \"error: The sandbox is not in sync with the Podfile.lock. Run 'pod install' or update your CocoaPods installation.\" >&2\n    exit 1\nfi\n# This output is used by Xcode 'outputs' to avoid re-running this script phase.\necho \"SUCCESS\" > \"${SCRIPT_OUTPUT_FILE_0}\"\n";
			showEnvVarsInLog = 0;
		};
/* End PBXShellScriptBuildPhase section */

/* Begin PBXSourcesBuildPhase section */
		85BD590A1EE69895004C11E2 /* Sources */ = {
			isa = PBXSourcesBuildPhase;
			buildActionMask = 2147483647;
			files = (
				2DF84D091F2F4C430052A3A6 /* VVHTTPServer.m in Sources */,
				2DF84D051F2F4C430052A3A6 /* VVHTTPConfig.m in Sources */,
				85BD59191EE69895004C11E2 /* ViewController.m in Sources */,
				85BD59161EE69895004C11E2 /* AppDelegate.m in Sources */,
				85BD59131EE69895004C11E2 /* main.m in Sources */,
				2DF84D061F2F4C430052A3A6 /* VVHTTPConnectTask.m in Sources */,
				C3AE6F2A7F5840497DF0E64E /* VVHTTPRequestHandler.m in Sources */,
				C3AE6A37B440B92DE2CD6894 /* VVHTTPResponseHandeler.m in Sources */,
				C3AE6FB86C0D6954C94C4404 /* VVHTTPRequestHead.m in Sources */,
				C3AE6B97D9F4BC251733CD11 /* VVHTTPResponseHead.m in Sources */,
				C3AE60C18F2DB752EFE63305 /* VVHTTPResource.m in Sources */,
				C3AE6EE136D98C4766822168 /* VVHTTPHTMLDirectory.m in Sources */,
			);
			runOnlyForDeploymentPostprocessing = 0;
		};
		85BD59231EE69895004C11E2 /* Sources */ = {
			isa = PBXSourcesBuildPhase;
			buildActionMask = 2147483647;
			files = (
				85BD592C1EE69895004C11E2 /* DemoServiceTests.m in Sources */,
			);
			runOnlyForDeploymentPostprocessing = 0;
		};
/* End PBXSourcesBuildPhase section */

/* Begin PBXTargetDependency section */
		85BD59291EE69895004C11E2 /* PBXTargetDependency */ = {
			isa = PBXTargetDependency;
			target = 85BD590D1EE69895004C11E2 /* Demo */;
			targetProxy = 85BD59281EE69895004C11E2 /* PBXContainerItemProxy */;
		};
/* End PBXTargetDependency section */

/* Begin PBXVariantGroup section */
		85BD591A1EE69895004C11E2 /* Main.storyboard */ = {
			isa = PBXVariantGroup;
			children = (
				85BD591B1EE69895004C11E2 /* Base */,
			);
			name = Main.storyboard;
			sourceTree = "<group>";
		};
/* End PBXVariantGroup section */

/* Begin XCBuildConfiguration section */
		85BD592E1EE69895004C11E2 /* Debug */ = {
			isa = XCBuildConfiguration;
			buildSettings = {
				ALWAYS_SEARCH_USER_PATHS = NO;
				CLANG_ANALYZER_NONNULL = YES;
				CLANG_ANALYZER_NUMBER_OBJECT_CONVERSION = YES_AGGRESSIVE;
				CLANG_CXX_LANGUAGE_STANDARD = "gnu++0x";
				CLANG_CXX_LIBRARY = "libc++";
				CLANG_ENABLE_MODULES = YES;
				CLANG_ENABLE_OBJC_ARC = YES;
				CLANG_WARN_BOOL_CONVERSION = YES;
				CLANG_WARN_CONSTANT_CONVERSION = YES;
				CLANG_WARN_DIRECT_OBJC_ISA_USAGE = YES_ERROR;
				CLANG_WARN_DOCUMENTATION_COMMENTS = YES;
				CLANG_WARN_EMPTY_BODY = YES;
				CLANG_WARN_ENUM_CONVERSION = YES;
				CLANG_WARN_INFINITE_RECURSION = YES;
				CLANG_WARN_INT_CONVERSION = YES;
				CLANG_WARN_OBJC_ROOT_CLASS = YES_ERROR;
				CLANG_WARN_SUSPICIOUS_MOVE = YES;
				CLANG_WARN_UNREACHABLE_CODE = YES;
				CLANG_WARN__DUPLICATE_METHOD_MATCH = YES;
				"CODE_SIGN_IDENTITY[sdk=iphoneos*]" = "iPhone Developer";
				COPY_PHASE_STRIP = NO;
				DEBUG_INFORMATION_FORMAT = dwarf;
				ENABLE_STRICT_OBJC_MSGSEND = YES;
				ENABLE_TESTABILITY = YES;
				GCC_C_LANGUAGE_STANDARD = gnu99;
				GCC_DYNAMIC_NO_PIC = NO;
				GCC_NO_COMMON_BLOCKS = YES;
				GCC_OPTIMIZATION_LEVEL = 0;
				GCC_PREPROCESSOR_DEFINITIONS = (
					"DEBUG=1",
					"$(inherited)",
				);
				GCC_WARN_64_TO_32_BIT_CONVERSION = YES;
				GCC_WARN_ABOUT_RETURN_TYPE = YES_ERROR;
				GCC_WARN_UNDECLARED_SELECTOR = YES;
				GCC_WARN_UNINITIALIZED_AUTOS = YES_AGGRESSIVE;
				GCC_WARN_UNUSED_FUNCTION = YES;
				GCC_WARN_UNUSED_VARIABLE = YES;
				IPHONEOS_DEPLOYMENT_TARGET = 10.3;
				MTL_ENABLE_DEBUG_INFO = YES;
				ONLY_ACTIVE_ARCH = YES;
				SDKROOT = iphoneos;
			};
			name = Debug;
		};
		85BD592F1EE69895004C11E2 /* Release */ = {
			isa = XCBuildConfiguration;
			buildSettings = {
				ALWAYS_SEARCH_USER_PATHS = NO;
				CLANG_ANALYZER_NONNULL = YES;
				CLANG_ANALYZER_NUMBER_OBJECT_CONVERSION = YES_AGGRESSIVE;
				CLANG_CXX_LANGUAGE_STANDARD = "gnu++0x";
				CLANG_CXX_LIBRARY = "libc++";
				CLANG_ENABLE_MODULES = YES;
				CLANG_ENABLE_OBJC_ARC = YES;
				CLANG_WARN_BOOL_CONVERSION = YES;
				CLANG_WARN_CONSTANT_CONVERSION = YES;
				CLANG_WARN_DIRECT_OBJC_ISA_USAGE = YES_ERROR;
				CLANG_WARN_DOCUMENTATION_COMMENTS = YES;
				CLANG_WARN_EMPTY_BODY = YES;
				CLANG_WARN_ENUM_CONVERSION = YES;
				CLANG_WARN_INFINITE_RECURSION = YES;
				CLANG_WARN_INT_CONVERSION = YES;
				CLANG_WARN_OBJC_ROOT_CLASS = YES_ERROR;
				CLANG_WARN_SUSPICIOUS_MOVE = YES;
				CLANG_WARN_UNREACHABLE_CODE = YES;
				CLANG_WARN__DUPLICATE_METHOD_MATCH = YES;
				"CODE_SIGN_IDENTITY[sdk=iphoneos*]" = "iPhone Developer";
				COPY_PHASE_STRIP = NO;
				DEBUG_INFORMATION_FORMAT = "dwarf-with-dsym";
				ENABLE_NS_ASSERTIONS = NO;
				ENABLE_STRICT_OBJC_MSGSEND = YES;
				GCC_C_LANGUAGE_STANDARD = gnu99;
				GCC_NO_COMMON_BLOCKS = YES;
				GCC_WARN_64_TO_32_BIT_CONVERSION = YES;
				GCC_WARN_ABOUT_RETURN_TYPE = YES_ERROR;
				GCC_WARN_UNDECLARED_SELECTOR = YES;
				GCC_WARN_UNINITIALIZED_AUTOS = YES_AGGRESSIVE;
				GCC_WARN_UNUSED_FUNCTION = YES;
				GCC_WARN_UNUSED_VARIABLE = YES;
				IPHONEOS_DEPLOYMENT_TARGET = 10.3;
				MTL_ENABLE_DEBUG_INFO = NO;
				SDKROOT = iphoneos;
				VALIDATE_PRODUCT = YES;
			};
			name = Release;
		};
		85BD59311EE69895004C11E2 /* Debug */ = {
			isa = XCBuildConfiguration;
			baseConfigurationReference = AA29172C7D7D609CB5FC6748 /* Pods-Demo.debug.xcconfig */;
			buildSettings = {
				ASSETCATALOG_COMPILER_APPICON_NAME = AppIcon;
				"CODE_SIGN_IDENTITY[sdk=iphoneos*]" = "iPhone Developer";
				DEVELOPMENT_TEAM = "";
				INFOPLIST_FILE = Demo/Info.plist;
				IPHONEOS_DEPLOYMENT_TARGET = 8.0;
				LD_RUNPATH_SEARCH_PATHS = "$(inherited) @executable_path/Frameworks";
				PRODUCT_BUNDLE_IDENTIFIER = com.demo.Demo;
				PRODUCT_NAME = "$(TARGET_NAME)";
				PROVISIONING_PROFILE_SPECIFIER = "";
			};
			name = Debug;
		};
		85BD59321EE69895004C11E2 /* Release */ = {
			isa = XCBuildConfiguration;
			baseConfigurationReference = C0739045B687518DA41050E7 /* Pods-Demo.release.xcconfig */;
			buildSettings = {
				ASSETCATALOG_COMPILER_APPICON_NAME = AppIcon;
				"CODE_SIGN_IDENTITY[sdk=iphoneos*]" = "iPhone Developer";
				DEVELOPMENT_TEAM = "";
				INFOPLIST_FILE = Demo/Info.plist;
				IPHONEOS_DEPLOYMENT_TARGET = 8.0;
				LD_RUNPATH_SEARCH_PATHS = "$(inherited) @executable_path/Frameworks";
				PRODUCT_BUNDLE_IDENTIFIER = com.demo.Demo;
				PRODUCT_NAME = "$(TARGET_NAME)";
				PROVISIONING_PROFILE_SPECIFIER = "";
			};
			name = Release;
		};
		85BD59341EE69895004C11E2 /* Debug */ = {
			isa = XCBuildConfiguration;
			buildSettings = {
				BUNDLE_LOADER = "$(TEST_HOST)";
				DEVELOPMENT_TEAM = "";
				INFOPLIST_FILE = DemoTests/Info.plist;
				LD_RUNPATH_SEARCH_PATHS = "$(inherited) @executable_path/Frameworks @loader_path/Frameworks";
				PRODUCT_BUNDLE_IDENTIFIER = com.demo.DemoTests;
				PRODUCT_NAME = "$(TARGET_NAME)";
				PROVISIONING_PROFILE_SPECIFIER = "";
				TEST_HOST = "$(BUILT_PRODUCTS_DIR)/Demo.app/Demo";
			};
			name = Debug;
		};
		85BD59351EE69895004C11E2 /* Release */ = {
			isa = XCBuildConfiguration;
			buildSettings = {
				BUNDLE_LOADER = "$(TEST_HOST)";
				DEVELOPMENT_TEAM = "";
				INFOPLIST_FILE = DemoTests/Info.plist;
				LD_RUNPATH_SEARCH_PATHS = "$(inherited) @executable_path/Frameworks @loader_path/Frameworks";
				PRODUCT_BUNDLE_IDENTIFIER = com.demo.DemoTests;
				PRODUCT_NAME = "$(TARGET_NAME)";
				PROVISIONING_PROFILE_SPECIFIER = "";
				TEST_HOST = "$(BUILT_PRODUCTS_DIR)/Demo.app/Demo";
			};
			name = Release;
		};
/* End XCBuildConfiguration section */

/* Begin XCConfigurationList section */
		85BD59091EE69895004C11E2 /* Build configuration list for PBXProject "VVHTTPServer" */ = {
			isa = XCConfigurationList;
			buildConfigurations = (
				85BD592E1EE69895004C11E2 /* Debug */,
				85BD592F1EE69895004C11E2 /* Release */,
			);
			defaultConfigurationIsVisible = 0;
			defaultConfigurationName = Release;
		};
		85BD59301EE69895004C11E2 /* Build configuration list for PBXNativeTarget "Demo" */ = {
			isa = XCConfigurationList;
			buildConfigurations = (
				85BD59311EE69895004C11E2 /* Debug */,
				85BD59321EE69895004C11E2 /* Release */,
			);
			defaultConfigurationIsVisible = 0;
			defaultConfigurationName = Release;
		};
		85BD59331EE69895004C11E2 /* Build configuration list for PBXNativeTarget "DemoTests" */ = {
			isa = XCConfigurationList;
			buildConfigurations = (
				85BD59341EE69895004C11E2 /* Debug */,
				85BD59351EE69895004C11E2 /* Release */,
			);
			defaultConfigurationIsVisible = 0;
			defaultConfigurationName = Release;
		};
/* End XCConfigurationList section */
	};
	rootObject = 85BD59061EE69895004C11E2 /* Project object */;
}
